
Microsoft Visual Studio Solution File, Format Version 12.00
# Visual Studio Version 16
VisualStudioVersion = 16.0.32901.82
MinimumVisualStudioVersion = 10.0.40219.1
Project("{FAE04EC0-301F-11D3-BF4B-00C04F79EFBC}") = "osrs-combat-level-calculator", "osrs-combat-level-calculator\osrs-combat-level-calculator.csproj", "{D81CA28B-FDD1-4FBF-98C5-D0F51DED7240}"
EndProject
Global
	GlobalSection(SolutionConfigurationPlatforms) = preSolution
		Debug|Any CPU = Debug|Any CPU
		Release|Any CPU = Release|Any CPU
	EndGlobalSection
	GlobalSection(ProjectConfigurationPlatforms) = postSolution
		{D81CA28B-FDD1-4FBF-98C5-D0F51DED7240}.Debug|Any CPU.ActiveCfg = Debug|Any CPU
		{D81CA28B-FDD1-4FBF-98C5-D0F51DED7240}.Debug|Any CPU.Build.0 = Debug|Any CPU
		{D81CA28B-FDD1-4FBF-98C5-D0F51DED7240}.Release|Any CPU.ActiveCfg = Release|Any CPU
		{D81CA28B-FDD1-4FBF-98C5-D0F51DED7240}.Release|Any CPU.Build.0 = Release|Any CPU
	EndGlobalSection
	GlobalSection(SolutionProperties) = preSolution
		HideSolutionNode = FALSE
	EndGlobalSection
	GlobalSection(ExtensibilityGlobals) = postSolution
		SolutionGuid = {50C1AFA9-86AE-42BB-81B7-C511107FA197}
	EndGlobalSection
EndGlobal
